
Microsoft Visual Studio Solution File, Format Version 12.00
Project("{FAE04EC0-301F-11D3-BF4B-00C04F79EFBC}") = "cleanwave-platform", "cleanwave-platform\cleanwave-platform.csproj", "{72697DBC-9A61-4457-A17F-E60DECF2B3F3}"
EndProject
Global
	GlobalSection(SolutionConfigurationPlatforms) = preSolution
		Debug|Any CPU = Debug|Any CPU
		Release|Any CPU = Release|Any CPU
	EndGlobalSection
	GlobalSection(ProjectConfigurationPlatforms) = postSolution
		{72697DBC-9A61-4457-A17F-E60DECF2B3F3}.Debug|Any CPU.ActiveCfg = Debug|Any CPU
		{72697DBC-9A61-4457-A17F-E60DECF2B3F3}.Debug|Any CPU.Build.0 = Debug|Any CPU
		{72697DBC-9A61-4457-A17F-E60DECF2B3F3}.Release|Any CPU.ActiveCfg = Release|Any CPU
		{72697DBC-9A61-4457-A17F-E60DECF2B3F3}.Release|Any CPU.Build.0 = Release|Any CPU
	EndGlobalSection
EndGlobal
